
Microsoft Visual Studio Solution File, Format Version 12.00
# Visual Studio Version 17
VisualStudioVersion = 17.0.31903.59
MinimumVisualStudioVersion = 10.0.40219.1
Project("{2150E333-8FDC-42A3-9474-1A3956D46DE8}") = "Core", "Core", "{E53ED8A8-4BB0-43D5-85EC-1A530BC22FF4}"
EndProject
Project("{FAE04EC0-301F-11D3-BF4B-00C04F79EFBC}") = "Models", "Core\Models\Models.csproj", "{F12454C8-BA5D-40FC-BA7E-86994C0EA26E}"
EndProject
Project("{FAE04EC0-301F-11D3-BF4B-00C04F79EFBC}") = "GameLogic", "Core\GameLogic\GameLogic.csproj", "{BF85633E-864C-419E-84D0-06F7A84AD447}"
EndProject
Project("{FAE04EC0-301F-11D3-BF4B-00C04F79EFBC}") = "Interfaces", "Core\Interfaces\Interfaces.csproj", "{F0DFAD7F-052B-4D3D-BD2D-8D343731FD92}"
EndProject
Project("{FAE04EC0-301F-11D3-BF4B-00C04F79EFBC}") = "Utilities", "Utilities\Utilities.csproj", "{5D8B8111-C503-455F-B69C-5AB5A3B8CCD6}"
EndProject
Project("{FAE04EC0-301F-11D3-BF4B-00C04F79EFBC}") = "CLI", "CLI\CLI.csproj", "{3AEEE44B-1C0A-4716-964A-371E3056A771}"
EndProject
Project("{FAE04EC0-301F-11D3-BF4B-00C04F79EFBC}") = "Services", "Core\Services\Services.csproj", "{E971D471-7999-4172-BE79-4CD1E4B61FCD}"
EndProject
Project("{FAE04EC0-301F-11D3-BF4B-00C04F79EFBC}") = "battle-GUI", "battle-GUI\battle-GUI.csproj", "{5A138CD2-C048-4A84-B4DE-6E943E54EC24}"
EndProject
Project("{FAE04EC0-301F-11D3-BF4B-00C04F79EFBC}") = "battle-GUI.Desktop", "battle-GUI.Desktop\battle-GUI.Desktop.csproj", "{7FA70D2D-323F-410F-873F-BD531D4DFDC1}"
EndProject
Project("{FAE04EC0-301F-11D3-BF4B-00C04F79EFBC}") = "TestProject2", "TestProject2\TestProject2.csproj", "{889B848F-5C9F-4EF1-B2F5-FA9A27EE4BCC}"
EndProject
Global
	GlobalSection(SolutionConfigurationPlatforms) = preSolution
		Debug|Any CPU = Debug|Any CPU
		Release|Any CPU = Release|Any CPU
	EndGlobalSection
	GlobalSection(ProjectConfigurationPlatforms) = postSolution
		{F12454C8-BA5D-40FC-BA7E-86994C0EA26E}.Debug|Any CPU.ActiveCfg = Debug|Any CPU
		{F12454C8-BA5D-40FC-BA7E-86994C0EA26E}.Debug|Any CPU.Build.0 = Debug|Any CPU
		{F12454C8-BA5D-40FC-BA7E-86994C0EA26E}.Release|Any CPU.ActiveCfg = Release|Any CPU
		{F12454C8-BA5D-40FC-BA7E-86994C0EA26E}.Release|Any CPU.Build.0 = Release|Any CPU
		{BF85633E-864C-419E-84D0-06F7A84AD447}.Debug|Any CPU.ActiveCfg = Debug|Any CPU
		{BF85633E-864C-419E-84D0-06F7A84AD447}.Debug|Any CPU.Build.0 = Debug|Any CPU
		{BF85633E-864C-419E-84D0-06F7A84AD447}.Release|Any CPU.ActiveCfg = Release|Any CPU
		{BF85633E-864C-419E-84D0-06F7A84AD447}.Release|Any CPU.Build.0 = Release|Any CPU
		{F0DFAD7F-052B-4D3D-BD2D-8D343731FD92}.Debug|Any CPU.ActiveCfg = Debug|Any CPU
		{F0DFAD7F-052B-4D3D-BD2D-8D343731FD92}.Debug|Any CPU.Build.0 = Debug|Any CPU
		{F0DFAD7F-052B-4D3D-BD2D-8D343731FD92}.Release|Any CPU.ActiveCfg = Release|Any CPU
		{F0DFAD7F-052B-4D3D-BD2D-8D343731FD92}.Release|Any CPU.Build.0 = Release|Any CPU
		{5D8B8111-C503-455F-B69C-5AB5A3B8CCD6}.Debug|Any CPU.ActiveCfg = Debug|Any CPU
		{5D8B8111-C503-455F-B69C-5AB5A3B8CCD6}.Debug|Any CPU.Build.0 = Debug|Any CPU
		{5D8B8111-C503-455F-B69C-5AB5A3B8CCD6}.Release|Any CPU.ActiveCfg = Release|Any CPU
		{5D8B8111-C503-455F-B69C-5AB5A3B8CCD6}.Release|Any CPU.Build.0 = Release|Any CPU
		{3AEEE44B-1C0A-4716-964A-371E3056A771}.Debug|Any CPU.ActiveCfg = Debug|Any CPU
		{3AEEE44B-1C0A-4716-964A-371E3056A771}.Debug|Any CPU.Build.0 = Debug|Any CPU
		{3AEEE44B-1C0A-4716-964A-371E3056A771}.Release|Any CPU.ActiveCfg = Release|Any CPU
		{3AEEE44B-1C0A-4716-964A-371E3056A771}.Release|Any CPU.Build.0 = Release|Any CPU
		{E971D471-7999-4172-BE79-4CD1E4B61FCD}.Debug|Any CPU.ActiveCfg = Debug|Any CPU
		{E971D471-7999-4172-BE79-4CD1E4B61FCD}.Debug|Any CPU.Build.0 = Debug|Any CPU
		{E971D471-7999-4172-BE79-4CD1E4B61FCD}.Release|Any CPU.ActiveCfg = Release|Any CPU
		{E971D471-7999-4172-BE79-4CD1E4B61FCD}.Release|Any CPU.Build.0 = Release|Any CPU
		{5A138CD2-C048-4A84-B4DE-6E943E54EC24}.Debug|Any CPU.ActiveCfg = Debug|Any CPU
		{5A138CD2-C048-4A84-B4DE-6E943E54EC24}.Debug|Any CPU.Build.0 = Debug|Any CPU
		{5A138CD2-C048-4A84-B4DE-6E943E54EC24}.Release|Any CPU.ActiveCfg = Release|Any CPU
		{5A138CD2-C048-4A84-B4DE-6E943E54EC24}.Release|Any CPU.Build.0 = Release|Any CPU
		{7FA70D2D-323F-410F-873F-BD531D4DFDC1}.Debug|Any CPU.ActiveCfg = Debug|Any CPU
		{7FA70D2D-323F-410F-873F-BD531D4DFDC1}.Debug|Any CPU.Build.0 = Debug|Any CPU
		{7FA70D2D-323F-410F-873F-BD531D4DFDC1}.Release|Any CPU.ActiveCfg = Release|Any CPU
		{7FA70D2D-323F-410F-873F-BD531D4DFDC1}.Release|Any CPU.Build.0 = Release|Any CPU
		{889B848F-5C9F-4EF1-B2F5-FA9A27EE4BCC}.Debug|Any CPU.ActiveCfg = Debug|Any CPU
		{889B848F-5C9F-4EF1-B2F5-FA9A27EE4BCC}.Debug|Any CPU.Build.0 = Debug|Any CPU
		{889B848F-5C9F-4EF1-B2F5-FA9A27EE4BCC}.Release|Any CPU.ActiveCfg = Release|Any CPU
		{889B848F-5C9F-4EF1-B2F5-FA9A27EE4BCC}.Release|Any CPU.Build.0 = Release|Any CPU
	EndGlobalSection
	GlobalSection(SolutionProperties) = preSolution
		HideSolutionNode = FALSE
	EndGlobalSection
	GlobalSection(NestedProjects) = preSolution
		{F12454C8-BA5D-40FC-BA7E-86994C0EA26E} = {E53ED8A8-4BB0-43D5-85EC-1A530BC22FF4}
		{BF85633E-864C-419E-84D0-06F7A84AD447} = {E53ED8A8-4BB0-43D5-85EC-1A530BC22FF4}
		{F0DFAD7F-052B-4D3D-BD2D-8D343731FD92} = {E53ED8A8-4BB0-43D5-85EC-1A530BC22FF4}
		{E971D471-7999-4172-BE79-4CD1E4B61FCD} = {E53ED8A8-4BB0-43D5-85EC-1A530BC22FF4}
	EndGlobalSection
	GlobalSection(ExtensibilityGlobals) = postSolution
		SolutionGuid = {897BCC80-5E7A-4A3D-B72E-00CF8D3B5FCF}
	EndGlobalSection
EndGlobal
